
Microsoft Visual Studio Solution File, Format Version 12.00
# Visual Studio Version 17
VisualStudioVersion = 17.4.33205.214
MinimumVisualStudioVersion = 10.0.40219.1
Project("{9A19103F-16F7-4668-BE54-9A1E7A4F7556}") = "InventoryManagementSystem", "InventoryManagementSystem\InventoryManagementSystem.csproj", "{0E6B5224-8A52-4DEF-94BE-8F55EEE80BC2}"
EndProject
Global
	GlobalSection(SolutionConfigurationPlatforms) = preSolution
		Debug|Any CPU = Debug|Any CPU
		Release|Any CPU = Release|Any CPU
	EndGlobalSection
	GlobalSection(ProjectConfigurationPlatforms) = postSolution
		{0E6B5224-8A52-4DEF-94BE-8F55EEE80BC2}.Debug|Any CPU.ActiveCfg = Debug|Any CPU
		{0E6B5224-8A52-4DEF-94BE-8F55EEE80BC2}.Debug|Any CPU.Build.0 = Debug|Any CPU
		{0E6B5224-8A52-4DEF-94BE-8F55EEE80BC2}.Release|Any CPU.ActiveCfg = Release|Any CPU
		{0E6B5224-8A52-4DEF-94BE-8F55EEE80BC2}.Release|Any CPU.Build.0 = Release|Any CPU
	EndGlobalSection
	GlobalSection(SolutionProperties) = preSolution
		HideSolutionNode = FALSE
	EndGlobalSection
	GlobalSection(ExtensibilityGlobals) = postSolution
		SolutionGuid = {F5D41718-576A-420C-90BE-E78C82DA9ABF}
	EndGlobalSection
EndGlobal
